
Microsoft Visual Studio Solution File, Format Version 12.00
# Visual Studio Version 17
VisualStudioVersion = 17.9.34622.214
MinimumVisualStudioVersion = 10.0.40219.1
Project("{FAE04EC0-301F-11D3-BF4B-00C04F79EFBC}") = "MotoBalkans.Web", "MotoBalkans\MotoBalkans.Web.csproj", "{936B0118-4B39-40E3-8948-CCFE9A1123F5}"
EndProject
Project("{FAE04EC0-301F-11D3-BF4B-00C04F79EFBC}") = "MotoBalkans.Services", "MotoBalkans.Services\MotoBalkans.Services.csproj", "{5C30167E-F8D3-4545-B7A0-E92A252EA57A}"
EndProject
Global
	GlobalSection(SolutionConfigurationPlatforms) = preSolution
		Debug|Any CPU = Debug|Any CPU
		Release|Any CPU = Release|Any CPU
	EndGlobalSection
	GlobalSection(ProjectConfigurationPlatforms) = postSolution
		{936B0118-4B39-40E3-8948-CCFE9A1123F5}.Debug|Any CPU.ActiveCfg = Debug|Any CPU
		{936B0118-4B39-40E3-8948-CCFE9A1123F5}.Debug|Any CPU.Build.0 = Debug|Any CPU
		{936B0118-4B39-40E3-8948-CCFE9A1123F5}.Release|Any CPU.ActiveCfg = Release|Any CPU
		{936B0118-4B39-40E3-8948-CCFE9A1123F5}.Release|Any CPU.Build.0 = Release|Any CPU
		{5C30167E-F8D3-4545-B7A0-E92A252EA57A}.Debug|Any CPU.ActiveCfg = Debug|Any CPU
		{5C30167E-F8D3-4545-B7A0-E92A252EA57A}.Debug|Any CPU.Build.0 = Debug|Any CPU
		{5C30167E-F8D3-4545-B7A0-E92A252EA57A}.Release|Any CPU.ActiveCfg = Release|Any CPU
		{5C30167E-F8D3-4545-B7A0-E92A252EA57A}.Release|Any CPU.Build.0 = Release|Any CPU
	EndGlobalSection
	GlobalSection(SolutionProperties) = preSolution
		HideSolutionNode = FALSE
	EndGlobalSection
	GlobalSection(ExtensibilityGlobals) = postSolution
		SolutionGuid = {89D7B418-5A98-4335-B4F0-A9417F1EE473}
	EndGlobalSection
EndGlobal
